
Microsoft Visual Studio Solution File, Format Version 12.00
# Visual Studio Version 16
VisualStudioVersion = 16.0.28803.352
MinimumVisualStudioVersion = 10.0.40219.1
Project("{8BC9CEB8-8B4A-11D0-8D11-00A0C91BC942}") = "Student_Information", "Student_Information\Student_Information.vcxproj", "{A63F6A8E-EA51-49CC-AEB0-B1499BBA600A}"
EndProject
Global
	GlobalSection(SolutionConfigurationPlatforms) = preSolution
		Debug|x64 = Debug|x64
		Debug|x86 = Debug|x86
		Release|x64 = Release|x64
		Release|x86 = Release|x86
	EndGlobalSection
	GlobalSection(ProjectConfigurationPlatforms) = postSolution
		{A63F6A8E-EA51-49CC-AEB0-B1499BBA600A}.Debug|x64.ActiveCfg = Debug|x64
		{A63F6A8E-EA51-49CC-AEB0-B1499BBA600A}.Debug|x64.Build.0 = Debug|x64
		{A63F6A8E-EA51-49CC-AEB0-B1499BBA600A}.Debug|x86.ActiveCfg = Debug|Win32
		{A63F6A8E-EA51-49CC-AEB0-B1499BBA600A}.Debug|x86.Build.0 = Debug|Win32
		{A63F6A8E-EA51-49CC-AEB0-B1499BBA600A}.Release|x64.ActiveCfg = Release|x64
		{A63F6A8E-EA51-49CC-AEB0-B1499BBA600A}.Release|x64.Build.0 = Release|x64
		{A63F6A8E-EA51-49CC-AEB0-B1499BBA600A}.Release|x86.ActiveCfg = Release|Win32
		{A63F6A8E-EA51-49CC-AEB0-B1499BBA600A}.Release|x86.Build.0 = Release|Win32
	EndGlobalSection
	GlobalSection(SolutionProperties) = preSolution
		HideSolutionNode = FALSE
	EndGlobalSection
	GlobalSection(ExtensibilityGlobals) = postSolution
		SolutionGuid = {FDC77CB0-0BFB-4D88-9C8A-31CE847A7A3E}
	EndGlobalSection
EndGlobal
